
Microsoft Visual Studio Solution File, Format Version 12.00
# Visual Studio 15
Project("{FAE04EC0-301F-11D3-BF4B-00C04F79EFBC}") = "cs", "cs.csproj", "{9C24D9AC-1A5A-4D8E-93D9-CF2CD6F5032F}"
EndProject
Global
	GlobalSection(SolutionConfigurationPlatforms) = preSolution
		Debug|Any CPU = Debug|Any CPU
		Release|Any CPU = Release|Any CPU
	EndGlobalSection
	GlobalSection(ProjectConfigurationPlatforms) = postSolution
		{9C24D9AC-1A5A-4D8E-93D9-CF2CD6F5032F}.Debug|Any CPU.ActiveCfg = Debug|Any CPU
		{9C24D9AC-1A5A-4D8E-93D9-CF2CD6F5032F}.Debug|Any CPU.Build.0 = Debug|Any CPU
		{9C24D9AC-1A5A-4D8E-93D9-CF2CD6F5032F}.Release|Any CPU.ActiveCfg = Release|Any CPU
		{9C24D9AC-1A5A-4D8E-93D9-CF2CD6F5032F}.Release|Any CPU.Build.0 = Release|Any CPU
	EndGlobalSection
EndGlobal
